<?xml version="1.0" encoding="utf-8"?>
<Project ToolsVersion="4.0" xmlns="http://schemas.microsoft.com/developer/msbuild/2003">
  <ItemGroup>
    <ClCompile Include="$(MSBuildThisFileDirectory)Character.cpp" />
    <ClCompile Include="$(MSBuildThisFileDirectory)WinMain.cpp" />
    <ClCompile Include="$(MSBuildThisFileDirectory)ButtonUI.cpp">
      <Filter>UI,Sprite</Filter>
    </ClCompile>
    <ClCompile Include="$(MSBuildThisFileDirectory)TitleSprite.cpp">
      <Filter>UI,Sprite</Filter>
    </ClCompile>
    <ClCompile Include="$(MSBuildThisFileDirectory)Sprites.cpp">
      <Filter>UI,Sprite</Filter>
    </ClCompile>
    <ClCompile Include="$(MSBuildThisFileDirectory)GameObjectSample.cpp">
      <Filter>Objects</Filter>
    </ClCompile>
    <ClCompile Include="$(MSBuildThisFileDirectory)Ground.cpp">
      <Filter>Objects</Filter>
    </ClCompile>
    <ClCompile Include="$(MSBuildThisFileDirectory)MagnetArea.cpp">
      <Filter>MagnetsObj</Filter>
    </ClCompile>
    <ClCompile Include="$(MSBuildThisFileDirectory)MagnetsObject.cpp">
      <Filter>MagnetsObj</Filter>
    </ClCompile>
    <ClCompile Include="$(MSBuildThisFileDirectory)MoveMagnetsObjct.cpp">
      <Filter>MagnetsObj</Filter>
    </ClCompile>
    <ClCompile Include="$(MSBuildThisFileDirectory)GameStage.cpp">
      <Filter>Stage</Filter>
    </ClCompile>
    <ClCompile Include="$(MSBuildThisFileDirectory)PlayerMagTestStage.cpp">
      <Filter>Stage</Filter>
    </ClCompile>
    <ClCompile Include="$(MSBuildThisFileDirectory)TitleStage.cpp">
      <Filter>Stage</Filter>
    </ClCompile>
    <ClCompile Include="$(MSBuildThisFileDirectory)Player.cpp">
      <Filter>Player</Filter>
    </ClCompile>
    <ClCompile Include="$(MSBuildThisFileDirectory)Scene.cpp">
      <Filter>Scene</Filter>
    </ClCompile>
    <ClCompile Include="$(MSBuildThisFileDirectory)ProjectBehavior.cpp">
      <Filter>Project</Filter>
    </ClCompile>
    <ClCompile Include="$(MSBuildThisFileDirectory)ProjectShader.cpp">
      <Filter>Project</Filter>
    </ClCompile>
    <ClCompile Include="$(MSBuildThisFileDirectory)RingObject.cpp">
      <Filter>MagnetsObj</Filter>
    </ClCompile>
  </ItemGroup>
  <ItemGroup>
    <ClInclude Include="$(MSBuildThisFileDirectory)Character.h" />
    <ClInclude Include="$(MSBuildThisFileDirectory)ButtonUI.h">
      <Filter>UI,Sprite</Filter>
    </ClInclude>
    <ClInclude Include="$(MSBuildThisFileDirectory)TitleSprite.h">
      <Filter>UI,Sprite</Filter>
    </ClInclude>
    <ClInclude Include="$(MSBuildThisFileDirectory)Sprites.h">
      <Filter>UI,Sprite</Filter>
    </ClInclude>
    <ClInclude Include="$(MSBuildThisFileDirectory)GameObjectSample.h">
      <Filter>Objects</Filter>
    </ClInclude>
    <ClInclude Include="$(MSBuildThisFileDirectory)Ground.h">
      <Filter>Objects</Filter>
    </ClInclude>
    <ClInclude Include="$(MSBuildThisFileDirectory)MagnetArea.h">
      <Filter>MagnetsObj</Filter>
    </ClInclude>
    <ClInclude Include="$(MSBuildThisFileDirectory)MagnetsObject.h">
      <Filter>MagnetsObj</Filter>
    </ClInclude>
    <ClInclude Include="$(MSBuildThisFileDirectory)MoveMagnetsObject.h">
      <Filter>MagnetsObj</Filter>
    </ClInclude>
    <ClInclude Include="$(MSBuildThisFileDirectory)GameStage.h">
      <Filter>Stage</Filter>
    </ClInclude>
    <ClInclude Include="$(MSBuildThisFileDirectory)PlayerMagTestStage.h">
      <Filter>Stage</Filter>
    </ClInclude>
    <ClInclude Include="$(MSBuildThisFileDirectory)TitleStage.h">
      <Filter>Stage</Filter>
    </ClInclude>
    <ClInclude Include="$(MSBuildThisFileDirectory)Player.h">
      <Filter>Player</Filter>
    </ClInclude>
    <ClInclude Include="$(MSBuildThisFileDirectory)Scene.h">
      <Filter>Scene</Filter>
    </ClInclude>
    <ClInclude Include="$(MSBuildThisFileDirectory)Project.h">
      <Filter>Project</Filter>
    </ClInclude>
    <ClInclude Include="$(MSBuildThisFileDirectory)ProjectBehavior.h">
      <Filter>Project</Filter>
    </ClInclude>
    <ClInclude Include="$(MSBuildThisFileDirectory)ProjectShader.h">
      <Filter>Project</Filter>
    </ClInclude>
    <ClInclude Include="$(MSBuildThisFileDirectory)Utility.h" />
    <ClInclude Include="$(MSBuildThisFileDirectory)RingObject.h">
      <Filter>MagnetsObj</Filter>
    </ClInclude>
  </ItemGroup>
  <ItemGroup>
    <Filter Include="UI,Sprite">
      <UniqueIdentifier>{221fb1f3-1bf1-46a2-9876-b1cf3fb0a2d8}</UniqueIdentifier>
    </Filter>
    <Filter Include="Objects">
      <UniqueIdentifier>{b0254af2-ff30-4f09-9db0-76bdf8c96246}</UniqueIdentifier>
    </Filter>
    <Filter Include="MagnetsObj">
      <UniqueIdentifier>{1a4a99ff-b2db-4755-9db3-c110e761cd2f}</UniqueIdentifier>
    </Filter>
    <Filter Include="Stage">
      <UniqueIdentifier>{1cb7f635-4c17-485f-baa1-9d7119b57d22}</UniqueIdentifier>
    </Filter>
    <Filter Include="Player">
      <UniqueIdentifier>{2ed8d6ff-30f2-4b99-9b57-5e50f63bedf9}</UniqueIdentifier>
    </Filter>
    <Filter Include="Scene">
      <UniqueIdentifier>{892389e5-bfb0-4637-9d5c-5d5aabaaeef5}</UniqueIdentifier>
    </Filter>
    <Filter Include="Project">
      <UniqueIdentifier>{ae2ef232-ca7e-4714-98b2-cfdca1c9909a}</UniqueIdentifier>
    </Filter>
  </ItemGroup>
</Project>